// !$*UTF8*$!
{
	archiveVersion = 1;
	classes = {
	};
	objectVersion = 51;
	objects = {

/* Begin PBXBuildFile section */
		355148F72584F22600C7016D /* PhotoEndPoint.swift in Sources */ = {isa = PBXBuildFile; fileRef = 355148F62584F22600C7016D /* PhotoEndPoint.swift */; };
		35DC0D09258488ED006883DF /* PhotoTableViewCell.swift in Sources */ = {isa = PBXBuildFile; fileRef = 35DC0D08258488ED006883DF /* PhotoTableViewCell.swift */; };
		35E2B0992584821E0061560E /* AppDelegate.swift in Sources */ = {isa = PBXBuildFile; fileRef = 35E2B0982584821E0061560E /* AppDelegate.swift */; };
		35E2B09B2584821E0061560E /* SceneDelegate.swift in Sources */ = {isa = PBXBuildFile; fileRef = 35E2B09A2584821E0061560E /* SceneDelegate.swift */; };
		35E2B09D2584821E0061560E /* PhotosViewController.swift in Sources */ = {isa = PBXBuildFile; fileRef = 35E2B09C2584821E0061560E /* PhotosViewController.swift */; };
		35E2B0A02584821E0061560E /* Main.storyboard in Resources */ = {isa = PBXBuildFile; fileRef = 35E2B09E2584821E0061560E /* Main.storyboard */; };
		35E2B0A2258482210061560E /* Assets.xcassets in Resources */ = {isa = PBXBuildFile; fileRef = 35E2B0A1258482210061560E /* Assets.xcassets */; };
		35E2B0A5258482210061560E /* LaunchScreen.storyboard in Resources */ = {isa = PBXBuildFile; fileRef = 35E2B0A3258482210061560E /* LaunchScreen.storyboard */; };
		35E2B0C4258482DD0061560E /* HTTPTask.swift in Sources */ = {isa = PBXBuildFile; fileRef = 35E2B0BA258482DD0061560E /* HTTPTask.swift */; };
		35E2B0C5258482DD0061560E /* HTTPMethod.swift in Sources */ = {isa = PBXBuildFile; fileRef = 35E2B0BB258482DD0061560E /* HTTPMethod.swift */; };
		35E2B0C6258482DD0061560E /* Router.swift in Sources */ = {isa = PBXBuildFile; fileRef = 35E2B0BC258482DD0061560E /* Router.swift */; };
		35E2B0C7258482DD0061560E /* EndPointType.swift in Sources */ = {isa = PBXBuildFile; fileRef = 35E2B0BD258482DD0061560E /* EndPointType.swift */; };
		35E2B0C8258482DD0061560E /* ParameterEncoding.swift in Sources */ = {isa = PBXBuildFile; fileRef = 35E2B0BF258482DD0061560E /* ParameterEncoding.swift */; };
		35E2B0C9258482DD0061560E /* URLParameterEncoder.swift in Sources */ = {isa = PBXBuildFile; fileRef = 35E2B0C0258482DD0061560E /* URLParameterEncoder.swift */; };
		35E2B0CA258482DD0061560E /* JSONParameterEncoder.swift in Sources */ = {isa = PBXBuildFile; fileRef = 35E2B0C1258482DD0061560E /* JSONParameterEncoder.swift */; };
		35E2B0CE258483C20061560E /* PhotoViewModel.swift in Sources */ = {isa = PBXBuildFile; fileRef = 35E2B0CD258483C20061560E /* PhotoViewModel.swift */; };
		35E2B0D2258483FF0061560E /* Photo.swift in Sources */ = {isa = PBXBuildFile; fileRef = 35E2B0D1258483FF0061560E /* Photo.swift */; };
		7EABB32732BA889BD76DE6E4 /* Pods_Photos.framework in Frameworks */ = {isa = PBXBuildFile; fileRef = 651ABE9CE4219F37B0A018FB /* Pods_Photos.framework */; };
/* End PBXBuildFile section */

/* Begin PBXFileReference section */
		355148F62584F22600C7016D /* PhotoEndPoint.swift */ = {isa = PBXFileReference; fileEncoding = 4; lastKnownFileType = sourcecode.swift; path = PhotoEndPoint.swift; sourceTree = "<group>"; };
		35DC0D08258488ED006883DF /* PhotoTableViewCell.swift */ = {isa = PBXFileReference; lastKnownFileType = sourcecode.swift; path = PhotoTableViewCell.swift; sourceTree = "<group>"; };
		35E2B0952584821E0061560E /* Photos.app */ = {isa = PBXFileReference; explicitFileType = wrapper.application; includeInIndex = 0; path = Photos.app; sourceTree = BUILT_PRODUCTS_DIR; };
		35E2B0982584821E0061560E /* AppDelegate.swift */ = {isa = PBXFileReference; lastKnownFileType = sourcecode.swift; path = AppDelegate.swift; sourceTree = "<group>"; };
		35E2B09A2584821E0061560E /* SceneDelegate.swift */ = {isa = PBXFileReference; lastKnownFileType = sourcecode.swift; path = SceneDelegate.swift; sourceTree = "<group>"; };
		35E2B09C2584821E0061560E /* PhotosViewController.swift */ = {isa = PBXFileReference; lastKnownFileType = sourcecode.swift; path = PhotosViewController.swift; sourceTree = "<group>"; };
		35E2B09F2584821E0061560E /* Base */ = {isa = PBXFileReference; lastKnownFileType = file.storyboard; name = Base; path = Base.lproj/Main.storyboard; sourceTree = "<group>"; };
		35E2B0A1258482210061560E /* Assets.xcassets */ = {isa = PBXFileReference; lastKnownFileType = folder.assetcatalog; path = Assets.xcassets; sourceTree = "<group>"; };
		35E2B0A4258482210061560E /* Base */ = {isa = PBXFileReference; lastKnownFileType = file.storyboard; name = Base; path = Base.lproj/LaunchScreen.storyboard; sourceTree = "<group>"; };
		35E2B0A6258482210061560E /* Info.plist */ = {isa = PBXFileReference; lastKnownFileType = text.plist.xml; path = Info.plist; sourceTree = "<group>"; };
		35E2B0BA258482DD0061560E /* HTTPTask.swift */ = {isa = PBXFileReference; fileEncoding = 4; lastKnownFileType = sourcecode.swift; path = HTTPTask.swift; sourceTree = "<group>"; };
		35E2B0BB258482DD0061560E /* HTTPMethod.swift */ = {isa = PBXFileReference; fileEncoding = 4; lastKnownFileType = sourcecode.swift; path = HTTPMethod.swift; sourceTree = "<group>"; };
		35E2B0BC258482DD0061560E /* Router.swift */ = {isa = PBXFileReference; fileEncoding = 4; lastKnownFileType = sourcecode.swift; path = Router.swift; sourceTree = "<group>"; };
		35E2B0BD258482DD0061560E /* EndPointType.swift */ = {isa = PBXFileReference; fileEncoding = 4; lastKnownFileType = sourcecode.swift; path = EndPointType.swift; sourceTree = "<group>"; };
		35E2B0BF258482DD0061560E /* ParameterEncoding.swift */ = {isa = PBXFileReference; fileEncoding = 4; lastKnownFileType = sourcecode.swift; path = ParameterEncoding.swift; sourceTree = "<group>"; };
		35E2B0C0258482DD0061560E /* URLParameterEncoder.swift */ = {isa = PBXFileReference; fileEncoding = 4; lastKnownFileType = sourcecode.swift; path = URLParameterEncoder.swift; sourceTree = "<group>"; };
		35E2B0C1258482DD0061560E /* JSONParameterEncoder.swift */ = {isa = PBXFileReference; fileEncoding = 4; lastKnownFileType = sourcecode.swift; path = JSONParameterEncoder.swift; sourceTree = "<group>"; };
		35E2B0CD258483C20061560E /* PhotoViewModel.swift */ = {isa = PBXFileReference; lastKnownFileType = sourcecode.swift; path = PhotoViewModel.swift; sourceTree = "<group>"; };
		35E2B0D1258483FF0061560E /* Photo.swift */ = {isa = PBXFileReference; lastKnownFileType = sourcecode.swift; path = Photo.swift; sourceTree = "<group>"; };
		651ABE9CE4219F37B0A018FB /* Pods_Photos.framework */ = {isa = PBXFileReference; explicitFileType = wrapper.framework; includeInIndex = 0; path = Pods_Photos.framework; sourceTree = BUILT_PRODUCTS_DIR; };
		991EEF3C7A497892B528FD6F /* Pods-Photos.debug.xcconfig */ = {isa = PBXFileReference; includeInIndex = 1; lastKnownFileType = text.xcconfig; name = "Pods-Photos.debug.xcconfig"; path = "Target Support Files/Pods-Photos/Pods-Photos.debug.xcconfig"; sourceTree = "<group>"; };
		FBA49A7E01F01100D512E004 /* Pods-Photos.release.xcconfig */ = {isa = PBXFileReference; includeInIndex = 1; lastKnownFileType = text.xcconfig; name = "Pods-Photos.release.xcconfig"; path = "Target Support Files/Pods-Photos/Pods-Photos.release.xcconfig"; sourceTree = "<group>"; };
/* End PBXFileReference section */

/* Begin PBXFrameworksBuildPhase section */
		35E2B0922584821E0061560E /* Frameworks */ = {
			isa = PBXFrameworksBuildPhase;
			buildActionMask = 2147483647;
			files = (
				7EABB32732BA889BD76DE6E4 /* Pods_Photos.framework in Frameworks */,
			);
			runOnlyForDeploymentPostprocessing = 0;
		};
/* End PBXFrameworksBuildPhase section */

/* Begin PBXGroup section */
		35E2B08C2584821E0061560E = {
			isa = PBXGroup;
			children = (
				35E2B0972584821E0061560E /* Photos */,
				35E2B0962584821E0061560E /* Products */,
				FFE18F337751A79432EF1301 /* Pods */,
				C83FEB29086D425144370592 /* Frameworks */,
			);
			sourceTree = "<group>";
		};
		35E2B0962584821E0061560E /* Products */ = {
			isa = PBXGroup;
			children = (
				35E2B0952584821E0061560E /* Photos.app */,
			);
			name = Products;
			sourceTree = "<group>";
		};
		35E2B0972584821E0061560E /* Photos */ = {
			isa = PBXGroup;
			children = (
				35E2B0B0258482890061560E /* View */,
				35E2B0B2258482920061560E /* Controller */,
				35E2B0B5258482B90061560E /* ViewModel */,
				35E2B0D0258483F00061560E /* Model */,
				35E2B0B4258482A10061560E /* NetworkLayer */,
				35E2B0AF258482650061560E /* Supporting Files */,
			);
			path = Photos;
			sourceTree = "<group>";
		};
		35E2B0AF258482650061560E /* Supporting Files */ = {
			isa = PBXGroup;
			children = (
				35E2B0982584821E0061560E /* AppDelegate.swift */,
				35E2B09A2584821E0061560E /* SceneDelegate.swift */,
				35E2B0A1258482210061560E /* Assets.xcassets */,
				35E2B0A3258482210061560E /* LaunchScreen.storyboard */,
				35E2B0A6258482210061560E /* Info.plist */,
			);
			path = "Supporting Files";
			sourceTree = "<group>";
		};
		35E2B0B0258482890061560E /* View */ = {
			isa = PBXGroup;
			children = (
				35E2B09E2584821E0061560E /* Main.storyboard */,
				35DC0D08258488ED006883DF /* PhotoTableViewCell.swift */,
			);
			path = View;
			sourceTree = "<group>";
		};
		35E2B0B2258482920061560E /* Controller */ = {
			isa = PBXGroup;
			children = (
				35E2B09C2584821E0061560E /* PhotosViewController.swift */,
			);
			path = Controller;
			sourceTree = "<group>";
		};
		35E2B0B4258482A10061560E /* NetworkLayer */ = {
			isa = PBXGroup;
			children = (
				35E2B0BE258482DD0061560E /* Encoding */,
				35E2B0B6258482DD0061560E /* EndPoint */,
				35E2B0B9258482DD0061560E /* Services */,
			);
			path = NetworkLayer;
			sourceTree = "<group>";
		};
		35E2B0B5258482B90061560E /* ViewModel */ = {
			isa = PBXGroup;
			children = (
				35E2B0CD258483C20061560E /* PhotoViewModel.swift */,
			);
			path = ViewModel;
			sourceTree = "<group>";
		};
		35E2B0B6258482DD0061560E /* EndPoint */ = {
			isa = PBXGroup;
			children = (
				355148F62584F22600C7016D /* PhotoEndPoint.swift */,
			);
			path = EndPoint;
			sourceTree = "<group>";
		};
		35E2B0B9258482DD0061560E /* Services */ = {
			isa = PBXGroup;
			children = (
				35E2B0BA258482DD0061560E /* HTTPTask.swift */,
				35E2B0BB258482DD0061560E /* HTTPMethod.swift */,
				35E2B0BC258482DD0061560E /* Router.swift */,
				35E2B0BD258482DD0061560E /* EndPointType.swift */,
			);
			path = Services;
			sourceTree = "<group>";
		};
		35E2B0BE258482DD0061560E /* Encoding */ = {
			isa = PBXGroup;
			children = (
				35E2B0BF258482DD0061560E /* ParameterEncoding.swift */,
				35E2B0C0258482DD0061560E /* URLParameterEncoder.swift */,
				35E2B0C1258482DD0061560E /* JSONParameterEncoder.swift */,
			);
			path = Encoding;
			sourceTree = "<group>";
		};
		35E2B0D0258483F00061560E /* Model */ = {
			isa = PBXGroup;
			children = (
				35E2B0D1258483FF0061560E /* Photo.swift */,
			);
			path = Model;
			sourceTree = "<group>";
		};
		C83FEB29086D425144370592 /* Frameworks */ = {
			isa = PBXGroup;
			children = (
				651ABE9CE4219F37B0A018FB /* Pods_Photos.framework */,
			);
			name = Frameworks;
			sourceTree = "<group>";
		};
		FFE18F337751A79432EF1301 /* Pods */ = {
			isa = PBXGroup;
			children = (
				991EEF3C7A497892B528FD6F /* Pods-Photos.debug.xcconfig */,
				FBA49A7E01F01100D512E004 /* Pods-Photos.release.xcconfig */,
			);
			path = Pods;
			sourceTree = "<group>";
		};
/* End PBXGroup section */

/* Begin PBXNativeTarget section */
		35E2B0942584821E0061560E /* Photos */ = {
			isa = PBXNativeTarget;
			buildConfigurationList = 35E2B0A9258482210061560E /* Build configuration list for PBXNativeTarget "Photos" */;
			buildPhases = (
				80DAD94443124A983BD447E2 /* [CP] Check Pods Manifest.lock */,
				35E2B0912584821E0061560E /* Sources */,
				35E2B0922584821E0061560E /* Frameworks */,
				35E2B0932584821E0061560E /* Resources */,
				91F1A8A539EB87264E2E0472 /* [CP] Embed Pods Frameworks */,
			);
			buildRules = (
			);
			dependencies = (
			);
			name = Photos;
			productName = Photos;
			productReference = 35E2B0952584821E0061560E /* Photos.app */;
			productType = "com.apple.product-type.application";
		};
/* End PBXNativeTarget section */

/* Begin PBXProject section */
		35E2B08D2584821E0061560E /* Project object */ = {
			isa = PBXProject;
			attributes = {
				LastSwiftUpdateCheck = 1200;
				LastUpgradeCheck = 1200;
				TargetAttributes = {
					35E2B0942584821E0061560E = {
						CreatedOnToolsVersion = 12.0;
					};
				};
			};
			buildConfigurationList = 35E2B0902584821E0061560E /* Build configuration list for PBXProject "Photos" */;
			compatibilityVersion = "Xcode 9.3";
			developmentRegion = en;
			hasScannedForEncodings = 0;
			knownRegions = (
				en,
				Base,
			);
			mainGroup = 35E2B08C2584821E0061560E;
			productRefGroup = 35E2B0962584821E0061560E /* Products */;
			projectDirPath = "";
			projectRoot = "";
			targets = (
				35E2B0942584821E0061560E /* Photos */,
			);
		};
/* End PBXProject section */

/* Begin PBXResourcesBuildPhase section */
		35E2B0932584821E0061560E /* Resources */ = {
			isa = PBXResourcesBuildPhase;
			buildActionMask = 2147483647;
			files = (
				35E2B0A5258482210061560E /* LaunchScreen.storyboard in Resources */,
				35E2B0A2258482210061560E /* Assets.xcassets in Resources */,
				35E2B0A02584821E0061560E /* Main.storyboard in Resources */,
			);
			runOnlyForDeploymentPostprocessing = 0;
		};
/* End PBXResourcesBuildPhase section */

/* Begin PBXShellScriptBuildPhase section */
		80DAD94443124A983BD447E2 /* [CP] Check Pods Manifest.lock */ = {
			isa = PBXShellScriptBuildPhase;
			buildActionMask = 2147483647;
			files = (
			);
			inputFileListPaths = (
			);
			inputPaths = (
				"${PODS_PODFILE_DIR_PATH}/Podfile.lock",
				"${PODS_ROOT}/Manifest.lock",
			);
			name = "[CP] Check Pods Manifest.lock";
			outputFileListPaths = (
			);
			outputPaths = (
				"$(DERIVED_FILE_DIR)/Pods-Photos-checkManifestLockResult.txt",
			);
			runOnlyForDeploymentPostprocessing = 0;
			shellPath = /bin/sh;
			shellScript = "diff \"${PODS_PODFILE_DIR_PATH}/Podfile.lock\" \"${PODS_ROOT}/Manifest.lock\" > /dev/null\nif [ $? != 0 ] ; then\n    # print error to STDERR\n    echo \"error: The sandbox is not in sync with the Podfile.lock. Run 'pod install' or update your CocoaPods installation.\" >&2\n    exit 1\nfi\n# This output is used by Xcode 'outputs' to avoid re-running this script phase.\necho \"SUCCESS\" > \"${SCRIPT_OUTPUT_FILE_0}\"\n";
			showEnvVarsInLog = 0;
		};
		91F1A8A539EB87264E2E0472 /* [CP] Embed Pods Frameworks */ = {
			isa = PBXShellScriptBuildPhase;
			buildActionMask = 2147483647;
			files = (
			);
			inputFileListPaths = (
				"${PODS_ROOT}/Target Support Files/Pods-Photos/Pods-Photos-frameworks-${CONFIGURATION}-input-files.xcfilelist",
			);
			name = "[CP] Embed Pods Frameworks";
			outputFileListPaths = (
				"${PODS_ROOT}/Target Support Files/Pods-Photos/Pods-Photos-frameworks-${CONFIGURATION}-output-files.xcfilelist",
			);
			runOnlyForDeploymentPostprocessing = 0;
			shellPath = /bin/sh;
			shellScript = "\"${PODS_ROOT}/Target Support Files/Pods-Photos/Pods-Photos-frameworks.sh\"\n";
			showEnvVarsInLog = 0;
		};
/* End PBXShellScriptBuildPhase section */

/* Begin PBXSourcesBuildPhase section */
		35E2B0912584821E0061560E /* Sources */ = {
			isa = PBXSourcesBuildPhase;
			buildActionMask = 2147483647;
			files = (
				35DC0D09258488ED006883DF /* PhotoTableViewCell.swift in Sources */,
				35E2B0C6258482DD0061560E /* Router.swift in Sources */,
				35E2B0CE258483C20061560E /* PhotoViewModel.swift in Sources */,
				35E2B0C9258482DD0061560E /* URLParameterEncoder.swift in Sources */,
				35E2B0C4258482DD0061560E /* HTTPTask.swift in Sources */,
				35E2B0C8258482DD0061560E /* ParameterEncoding.swift in Sources */,
				35E2B0C7258482DD0061560E /* EndPointType.swift in Sources */,
				35E2B0D2258483FF0061560E /* Photo.swift in Sources */,
				35E2B0C5258482DD0061560E /* HTTPMethod.swift in Sources */,
				35E2B0CA258482DD0061560E /* JSONParameterEncoder.swift in Sources */,
				35E2B09D2584821E0061560E /* PhotosViewController.swift in Sources */,
				35E2B0992584821E0061560E /* AppDelegate.swift in Sources */,
				355148F72584F22600C7016D /* PhotoEndPoint.swift in Sources */,
				35E2B09B2584821E0061560E /* SceneDelegate.swift in Sources */,
			);
			runOnlyForDeploymentPostprocessing = 0;
		};
/* End PBXSourcesBuildPhase section */

/* Begin PBXVariantGroup section */
		35E2B09E2584821E0061560E /* Main.storyboard */ = {
			isa = PBXVariantGroup;
			children = (
				35E2B09F2584821E0061560E /* Base */,
			);
			name = Main.storyboard;
			sourceTree = "<group>";
		};
		35E2B0A3258482210061560E /* LaunchScreen.storyboard */ = {
			isa = PBXVariantGroup;
			children = (
				35E2B0A4258482210061560E /* Base */,
			);
			name = LaunchScreen.storyboard;
			sourceTree = "<group>";
		};
/* End PBXVariantGroup section */

/* Begin XCBuildConfiguration section */
		35E2B0A7258482210061560E /* Debug */ = {
			isa = XCBuildConfiguration;
			buildSettings = {
				ALWAYS_SEARCH_USER_PATHS = NO;
				CLANG_ANALYZER_NONNULL = YES;
				CLANG_ANALYZER_NUMBER_OBJECT_CONVERSION = YES_AGGRESSIVE;
				CLANG_CXX_LANGUAGE_STANDARD = "gnu++14";
				CLANG_CXX_LIBRARY = "libc++";
				CLANG_ENABLE_MODULES = YES;
				CLANG_ENABLE_OBJC_ARC = YES;
				CLANG_ENABLE_OBJC_WEAK = YES;
				CLANG_WARN_BLOCK_CAPTURE_AUTORELEASING = YES;
				CLANG_WARN_BOOL_CONVERSION = YES;
				CLANG_WARN_COMMA = YES;
				CLANG_WARN_CONSTANT_CONVERSION = YES;
				CLANG_WARN_DEPRECATED_OBJC_IMPLEMENTATIONS = YES;
				CLANG_WARN_DIRECT_OBJC_ISA_USAGE = YES_ERROR;
				CLANG_WARN_DOCUMENTATION_COMMENTS = YES;
				CLANG_WARN_EMPTY_BODY = YES;
				CLANG_WARN_ENUM_CONVERSION = YES;
				CLANG_WARN_INFINITE_RECURSION = YES;
				CLANG_WARN_INT_CONVERSION = YES;
				CLANG_WARN_NON_LITERAL_NULL_CONVERSION = YES;
				CLANG_WARN_OBJC_IMPLICIT_RETAIN_SELF = YES;
				CLANG_WARN_OBJC_LITERAL_CONVERSION = YES;
				CLANG_WARN_OBJC_ROOT_CLASS = YES_ERROR;
				CLANG_WARN_QUOTED_INCLUDE_IN_FRAMEWORK_HEADER = YES;
				CLANG_WARN_RANGE_LOOP_ANALYSIS = YES;
				CLANG_WARN_STRICT_PROTOTYPES = YES;
				CLANG_WARN_SUSPICIOUS_MOVE = YES;
				CLANG_WARN_UNGUARDED_AVAILABILITY = YES_AGGRESSIVE;
				CLANG_WARN_UNREACHABLE_CODE = YES;
				CLANG_WARN__DUPLICATE_METHOD_MATCH = YES;
				COPY_PHASE_STRIP = NO;
				DEBUG_INFORMATION_FORMAT = dwarf;
				ENABLE_STRICT_OBJC_MSGSEND = YES;
				ENABLE_TESTABILITY = YES;
				GCC_C_LANGUAGE_STANDARD = gnu11;
				GCC_DYNAMIC_NO_PIC = NO;
				GCC_NO_COMMON_BLOCKS = YES;
				GCC_OPTIMIZATION_LEVEL = 0;
				GCC_PREPROCESSOR_DEFINITIONS = (
					"DEBUG=1",
					"$(inherited)",
				);
				GCC_WARN_64_TO_32_BIT_CONVERSION = YES;
				GCC_WARN_ABOUT_RETURN_TYPE = YES_ERROR;
				GCC_WARN_UNDECLARED_SELECTOR = YES;
				GCC_WARN_UNINITIALIZED_AUTOS = YES_AGGRESSIVE;
				GCC_WARN_UNUSED_FUNCTION = YES;
				GCC_WARN_UNUSED_VARIABLE = YES;
				IPHONEOS_DEPLOYMENT_TARGET = 14.0;
				MTL_ENABLE_DEBUG_INFO = INCLUDE_SOURCE;
				MTL_FAST_MATH = YES;
				ONLY_ACTIVE_ARCH = YES;
				SDKROOT = iphoneos;
				SWIFT_ACTIVE_COMPILATION_CONDITIONS = DEBUG;
				SWIFT_OPTIMIZATION_LEVEL = "-Onone";
			};
			name = Debug;
		};
		35E2B0A8258482210061560E /* Release */ = {
			isa = XCBuildConfiguration;
			buildSettings = {
				ALWAYS_SEARCH_USER_PATHS = NO;
				CLANG_ANALYZER_NONNULL = YES;
				CLANG_ANALYZER_NUMBER_OBJECT_CONVERSION = YES_AGGRESSIVE;
				CLANG_CXX_LANGUAGE_STANDARD = "gnu++14";
				CLANG_CXX_LIBRARY = "libc++";
				CLANG_ENABLE_MODULES = YES;
				CLANG_ENABLE_OBJC_ARC = YES;
				CLANG_ENABLE_OBJC_WEAK = YES;
				CLANG_WARN_BLOCK_CAPTURE_AUTORELEASING = YES;
				CLANG_WARN_BOOL_CONVERSION = YES;
				CLANG_WARN_COMMA = YES;
				CLANG_WARN_CONSTANT_CONVERSION = YES;
				CLANG_WARN_DEPRECATED_OBJC_IMPLEMENTATIONS = YES;
				CLANG_WARN_DIRECT_OBJC_ISA_USAGE = YES_ERROR;
				CLANG_WARN_DOCUMENTATION_COMMENTS = YES;
				CLANG_WARN_EMPTY_BODY = YES;
				CLANG_WARN_ENUM_CONVERSION = YES;
				CLANG_WARN_INFINITE_RECURSION = YES;
				CLANG_WARN_INT_CONVERSION = YES;
				CLANG_WARN_NON_LITERAL_NULL_CONVERSION = YES;
				CLANG_WARN_OBJC_IMPLICIT_RETAIN_SELF = YES;
				CLANG_WARN_OBJC_LITERAL_CONVERSION = YES;
				CLANG_WARN_OBJC_ROOT_CLASS = YES_ERROR;
				CLANG_WARN_QUOTED_INCLUDE_IN_FRAMEWORK_HEADER = YES;
				CLANG_WARN_RANGE_LOOP_ANALYSIS = YES;
				CLANG_WARN_STRICT_PROTOTYPES = YES;
				CLANG_WARN_SUSPICIOUS_MOVE = YES;
				CLANG_WARN_UNGUARDED_AVAILABILITY = YES_AGGRESSIVE;
				CLANG_WARN_UNREACHABLE_CODE = YES;
				CLANG_WARN__DUPLICATE_METHOD_MATCH = YES;
				COPY_PHASE_STRIP = NO;
				DEBUG_INFORMATION_FORMAT = "dwarf-with-dsym";
				ENABLE_NS_ASSERTIONS = NO;
				ENABLE_STRICT_OBJC_MSGSEND = YES;
				GCC_C_LANGUAGE_STANDARD = gnu11;
				GCC_NO_COMMON_BLOCKS = YES;
				GCC_WARN_64_TO_32_BIT_CONVERSION = YES;
				GCC_WARN_ABOUT_RETURN_TYPE = YES_ERROR;
				GCC_WARN_UNDECLARED_SELECTOR = YES;
				GCC_WARN_UNINITIALIZED_AUTOS = YES_AGGRESSIVE;
				GCC_WARN_UNUSED_FUNCTION = YES;
				GCC_WARN_UNUSED_VARIABLE = YES;
				IPHONEOS_DEPLOYMENT_TARGET = 14.0;
				MTL_ENABLE_DEBUG_INFO = NO;
				MTL_FAST_MATH = YES;
				SDKROOT = iphoneos;
				SWIFT_COMPILATION_MODE = wholemodule;
				SWIFT_OPTIMIZATION_LEVEL = "-O";
				VALIDATE_PRODUCT = YES;
			};
			name = Release;
		};
		35E2B0AA258482210061560E /* Debug */ = {
			isa = XCBuildConfiguration;
			baseConfigurationReference = 991EEF3C7A497892B528FD6F /* Pods-Photos.debug.xcconfig */;
			buildSettings = {
				ASSETCATALOG_COMPILER_APPICON_NAME = AppIcon;
				ASSETCATALOG_COMPILER_GLOBAL_ACCENT_COLOR_NAME = AccentColor;
				CODE_SIGN_STYLE = Automatic;
				DEVELOPMENT_TEAM = 82RMH3R82L;
				INFOPLIST_FILE = "Photos/Supporting Files/Info.plist";
				LD_RUNPATH_SEARCH_PATHS = (
					"$(inherited)",
					"@executable_path/Frameworks",
				);
				PRODUCT_BUNDLE_IDENTIFIER = com.home.work.Photos;
				PRODUCT_NAME = "$(TARGET_NAME)";
				SWIFT_VERSION = 5.0;
				TARGETED_DEVICE_FAMILY = 1;
			};
			name = Debug;
		};
		35E2B0AB258482210061560E /* Release */ = {
			isa = XCBuildConfiguration;
			baseConfigurationReference = FBA49A7E01F01100D512E004 /* Pods-Photos.release.xcconfig */;
			buildSettings = {
				ASSETCATALOG_COMPILER_APPICON_NAME = AppIcon;
				ASSETCATALOG_COMPILER_GLOBAL_ACCENT_COLOR_NAME = AccentColor;
				CODE_SIGN_STYLE = Automatic;
				DEVELOPMENT_TEAM = 82RMH3R82L;
				INFOPLIST_FILE = "Photos/Supporting Files/Info.plist";
				LD_RUNPATH_SEARCH_PATHS = (
					"$(inherited)",
					"@executable_path/Frameworks",
				);
				PRODUCT_BUNDLE_IDENTIFIER = com.home.work.Photos;
				PRODUCT_NAME = "$(TARGET_NAME)";
				SWIFT_VERSION = 5.0;
				TARGETED_DEVICE_FAMILY = 1;
			};
			name = Release;
		};
/* End XCBuildConfiguration section */

/* Begin XCConfigurationList section */
		35E2B0902584821E0061560E /* Build configuration list for PBXProject "Photos" */ = {
			isa = XCConfigurationList;
			buildConfigurations = (
				35E2B0A7258482210061560E /* Debug */,
				35E2B0A8258482210061560E /* Release */,
			);
			defaultConfigurationIsVisible = 0;
			defaultConfigurationName = Release;
		};
		35E2B0A9258482210061560E /* Build configuration list for PBXNativeTarget "Photos" */ = {
			isa = XCConfigurationList;
			buildConfigurations = (
				35E2B0AA258482210061560E /* Debug */,
				35E2B0AB258482210061560E /* Release */,
			);
			defaultConfigurationIsVisible = 0;
			defaultConfigurationName = Release;
		};
/* End XCConfigurationList section */
	};
	rootObject = 35E2B08D2584821E0061560E /* Project object */;
}
